schema: '2.0'
stages:
  data_ingestion:
    cmd: python src/ChickenClassf/pipeline/stage_01_Data_Ingestion.py
    deps:
    - path: config/config.yaml
      hash: md5
      md5: 62e9bf6e0dbf630c01daa80f99582328
      size: 999
    - path: src/ChickenClassf/pipeline/stage_01_Data_Ingestion.py
      hash: md5
      md5: f04e44463a2bcdd156f88dc1afd78369
      size: 1044
    outs:
    - path: artifacts/data_ingestion/Chicken-fecal-images
      hash: md5
      md5: 9e1f8dd2eae3c29e9d635df89d438ae4.dir
      size: 12207807
      nfiles: 390
  prepare_base_models:
    cmd: python src/ChickenClassf/pipeline/stage_02_Prepare_base_model.py
    deps:
    - path: config/config.yaml
      hash: md5
      md5: 62e9bf6e0dbf630c01daa80f99582328
      size: 999
    - path: src/ChickenClassf/pipeline/stage_02_Prepare_base_model.py
      hash: md5
      md5: ef86aabd38adf84a8320ca2a43ecd7cb
      size: 1145
    params:
      params.yaml:
        CLASSES: 2
        IMAGE_SIZE:
        - 224
        - 224
        - 3
        INCLUDE_TOP: false
        LEARNING_RATE: 0.01
        WEIGHTS: imagenet
    outs:
    - path: artifacts/prepare_base_model
      hash: md5
      md5: 31a62839ab44f5c6a247a045fc0a28c3.dir
      size: 947248632
      nfiles: 2
  training:
    cmd: python src/ChickenClassf/pipeline/stage_03_Prepare_training.py
    deps:
    - path: artifacts/data_ingestion/Chicken-fecal-images
      hash: md5
      md5: 9e1f8dd2eae3c29e9d635df89d438ae4.dir
      size: 12207807
      nfiles: 390
    - path: artifacts/prepare_base_model
      hash: md5
      md5: 31a62839ab44f5c6a247a045fc0a28c3.dir
      size: 947248632
      nfiles: 2
    - path: config/config.yaml
      hash: md5
      md5: 62e9bf6e0dbf630c01daa80f99582328
      size: 999
    - path: src/ChickenClassf/components/prepare_callbacks.py
      hash: md5
      md5: 040d77da2670ddfab408207bd3558286
      size: 1015
    - path: src/ChickenClassf/pipeline/stage_03_Prepare_training.py
      hash: md5
      md5: 6f608b7dce4dfe19682602a145565c37
      size: 1443
    params:
      params.yaml:
        AUGMENTATION: true
        BATCH_SIZE: 8
        EPOCHS: 1
        IMAGE_SIZE:
        - 224
        - 224
        - 3
    outs:
    - path: artifacts/training/model.keras
      hash: md5
      md5: b69096ef06fd8dc47916dede7aca11e1
      size: 474782384
  evaluation:
    cmd: python src/ChickenClassf/pipeline/stage_04_model_evaluation.py
    deps:
    - path: artifacts/data_ingestion/Chicken-fecal-images
      hash: md5
      md5: 9e1f8dd2eae3c29e9d635df89d438ae4.dir
      size: 12207807
      nfiles: 390
    - path: artifacts/training/model.keras
      hash: md5
      md5: b69096ef06fd8dc47916dede7aca11e1
      size: 474782384
    - path: config/config.yaml
      hash: md5
      md5: 62e9bf6e0dbf630c01daa80f99582328
      size: 999
    - path: src/ChickenClassf/pipeline/stage_04_model_evaluation.py
      hash: md5
      md5: 923f57428c5c97a2ca84f1bf6898a3ad
      size: 1034
    params:
      params.yaml:
        BATCH_SIZE: 8
        IMAGE_SIZE:
        - 224
        - 224
        - 3
    outs:
    - path: scores.json
      hash: md5
      md5: 814d75f028d28cbdbab54c4cd0bc83c9
      size: 43
